
Microsoft Visual Studio Solution File, Format Version 12.00
# Visual Studio 15
VisualStudioVersion = 15.0.28307.757
MinimumVisualStudioVersion = 10.0.40219.1
Project("{9A19103F-16F7-4668-BE54-9A1E7A4F7556}") = "DoorUnlocker.API", "DoorUnlocker.API\DoorUnlocker.API.csproj", "{ECA8AEA8-CC66-4A8C-A719-671AD3DA51BB}"
EndProject
Project("{FAE04EC0-301F-11D3-BF4B-00C04F79EFBC}") = "IdentityServer", "IdentityServer\IdentityServer.csproj", "{D20B664B-A99D-4E1B-9D35-8B8EE26446AE}"
EndProject
Project("{FAE04EC0-301F-11D3-BF4B-00C04F79EFBC}") = "DoorUnlocker.UnitTests", "DoorUnlocker.UnitTests\DoorUnlocker.UnitTests.csproj", "{C86FA5FD-D630-4618-A438-F1DB42AFEC6D}"
EndProject
Global
	GlobalSection(SolutionConfigurationPlatforms) = preSolution
		Debug|Any CPU = Debug|Any CPU
		Release|Any CPU = Release|Any CPU
	EndGlobalSection
	GlobalSection(ProjectConfigurationPlatforms) = postSolution
		{ECA8AEA8-CC66-4A8C-A719-671AD3DA51BB}.Debug|Any CPU.ActiveCfg = Debug|Any CPU
		{ECA8AEA8-CC66-4A8C-A719-671AD3DA51BB}.Debug|Any CPU.Build.0 = Debug|Any CPU
		{ECA8AEA8-CC66-4A8C-A719-671AD3DA51BB}.Release|Any CPU.ActiveCfg = Release|Any CPU
		{ECA8AEA8-CC66-4A8C-A719-671AD3DA51BB}.Release|Any CPU.Build.0 = Release|Any CPU
		{D20B664B-A99D-4E1B-9D35-8B8EE26446AE}.Debug|Any CPU.ActiveCfg = Debug|Any CPU
		{D20B664B-A99D-4E1B-9D35-8B8EE26446AE}.Debug|Any CPU.Build.0 = Debug|Any CPU
		{D20B664B-A99D-4E1B-9D35-8B8EE26446AE}.Release|Any CPU.ActiveCfg = Release|Any CPU
		{D20B664B-A99D-4E1B-9D35-8B8EE26446AE}.Release|Any CPU.Build.0 = Release|Any CPU
		{C86FA5FD-D630-4618-A438-F1DB42AFEC6D}.Debug|Any CPU.ActiveCfg = Debug|Any CPU
		{C86FA5FD-D630-4618-A438-F1DB42AFEC6D}.Debug|Any CPU.Build.0 = Debug|Any CPU
		{C86FA5FD-D630-4618-A438-F1DB42AFEC6D}.Release|Any CPU.ActiveCfg = Release|Any CPU
		{C86FA5FD-D630-4618-A438-F1DB42AFEC6D}.Release|Any CPU.Build.0 = Release|Any CPU
	EndGlobalSection
	GlobalSection(SolutionProperties) = preSolution
		HideSolutionNode = FALSE
	EndGlobalSection
	GlobalSection(ExtensibilityGlobals) = postSolution
		SolutionGuid = {7E3334C0-BFC1-481F-BD09-0ED8E496529A}
	EndGlobalSection
EndGlobal
